// !$*UTF8*$!
{
	archiveVersion = 1;
	classes = {
	};
	objectVersion = 55;
	objects = {

/* Begin PBXBuildFile section */
		1E80B32721521BCC7B34949C /* Pods_PokemonAR.framework in Frameworks */ = {isa = PBXBuildFile; fileRef = 2B7188819D4ABCA5FEB2A57A /* Pods_PokemonAR.framework */; };
		7018BE15285655D700311E26 /* detect.tflite in Resources */ = {isa = PBXBuildFile; fileRef = 7018BE13285655D500311E26 /* detect.tflite */; };
		7018BE16285655D700311E26 /* labelmap.txt in Resources */ = {isa = PBXBuildFile; fileRef = 7018BE14285655D700311E26 /* labelmap.txt */; };
		7018BE1C285655F600311E26 /* OverlayViewRepresentable.swift in Sources */ = {isa = PBXBuildFile; fileRef = 7018BE18285655F200311E26 /* OverlayViewRepresentable.swift */; };
		7018BE1D285655F600311E26 /* OverlayView.swift in Sources */ = {isa = PBXBuildFile; fileRef = 7018BE19285655F300311E26 /* OverlayView.swift */; };
		7018BE1E285655F600311E26 /* CurvedView.swift in Sources */ = {isa = PBXBuildFile; fileRef = 7018BE1A285655F400311E26 /* CurvedView.swift */; };
		7018BE1F285655F600311E26 /* CurvedViewRepresentable.swift in Sources */ = {isa = PBXBuildFile; fileRef = 7018BE1B285655F600311E26 /* CurvedViewRepresentable.swift */; };
		7018BE262856561100311E26 /* ViewController.swift in Sources */ = {isa = PBXBuildFile; fileRef = 7018BE212856560B00311E26 /* ViewController.swift */; };
		7018BE272856561100311E26 /* InferenceViewController.swift in Sources */ = {isa = PBXBuildFile; fileRef = 7018BE222856560C00311E26 /* InferenceViewController.swift */; };
		7018BE282856561100311E26 /* ViewControllerPreview.swift in Sources */ = {isa = PBXBuildFile; fileRef = 7018BE232856560D00311E26 /* ViewControllerPreview.swift */; };
		7018BE292856561100311E26 /* ViewControllerRepresentable.swift in Sources */ = {isa = PBXBuildFile; fileRef = 7018BE252856561100311E26 /* ViewControllerRepresentable.swift */; };
		7018BE2D2856562200311E26 /* PreviewView.swift in Sources */ = {isa = PBXBuildFile; fileRef = 7018BE2A2856561F00311E26 /* PreviewView.swift */; };
		7018BE2E2856562200311E26 /* CameraFeedManager.swift in Sources */ = {isa = PBXBuildFile; fileRef = 7018BE2B2856562100311E26 /* CameraFeedManager.swift */; };
		7018BE2F2856562200311E26 /* CameraFeedManagerPreview.swift in Sources */ = {isa = PBXBuildFile; fileRef = 7018BE2C2856562200311E26 /* CameraFeedManagerPreview.swift */; };
		7018BE322856563500311E26 /* InfoCell.swift in Sources */ = {isa = PBXBuildFile; fileRef = 7018BE312856563400311E26 /* InfoCell.swift */; };
		7018BE382856569200311E26 /* StringExtension.swift in Sources */ = {isa = PBXBuildFile; fileRef = 7018BE342856568D00311E26 /* StringExtension.swift */; };
		7018BE392856569200311E26 /* UIColorExtension.swift in Sources */ = {isa = PBXBuildFile; fileRef = 7018BE352856568F00311E26 /* UIColorExtension.swift */; };
		7018BE3A2856569200311E26 /* CVPixelBufferExtension.swift in Sources */ = {isa = PBXBuildFile; fileRef = 7018BE372856569200311E26 /* CVPixelBufferExtension.swift */; };
		7018BE3C285656D200311E26 /* ModelDataHandler.swift in Sources */ = {isa = PBXBuildFile; fileRef = 7018BE3B285656D200311E26 /* ModelDataHandler.swift */; };
		7018BE432856576100311E26 /* MainAuthView.swift in Sources */ = {isa = PBXBuildFile; fileRef = 7018BE3E2856575C00311E26 /* MainAuthView.swift */; };
		7018BE442856576100311E26 /* AccountSettingView.swift in Sources */ = {isa = PBXBuildFile; fileRef = 7018BE3F2856575E00311E26 /* AccountSettingView.swift */; };
		7018BE462856576100311E26 /* HomeView.swift in Sources */ = {isa = PBXBuildFile; fileRef = 7018BE412856576000311E26 /* HomeView.swift */; };
		7018BE472856576100311E26 /* LoginView.swift in Sources */ = {isa = PBXBuildFile; fileRef = 7018BE422856576100311E26 /* LoginView.swift */; };
		7018BE4A2856577C00311E26 /* ImagePicker.swift in Sources */ = {isa = PBXBuildFile; fileRef = 7018BE492856577C00311E26 /* ImagePicker.swift */; };
		7018BE4E2856585F00311E26 /* Pokedex.swift in Sources */ = {isa = PBXBuildFile; fileRef = 7018BE4C2856585E00311E26 /* Pokedex.swift */; };
		7018BE4F2856585F00311E26 /* UserSessionModel.swift in Sources */ = {isa = PBXBuildFile; fileRef = 7018BE4D2856585F00311E26 /* UserSessionModel.swift */; };
		7018BE512856589A00311E26 /* GoogleService-Info.plist in Resources */ = {isa = PBXBuildFile; fileRef = 7018BE502856589A00311E26 /* GoogleService-Info.plist */; };
		7018BE5C28565C4C00311E26 /* PokemonCardView.swift in Sources */ = {isa = PBXBuildFile; fileRef = 7018BE5928565C4700311E26 /* PokemonCardView.swift */; };
		7018BE5D28565C4C00311E26 /* PokemonView.swift in Sources */ = {isa = PBXBuildFile; fileRef = 7018BE5A28565C4800311E26 /* PokemonView.swift */; };
		7018BE5E28565C4C00311E26 /* PokedexView.swift in Sources */ = {isa = PBXBuildFile; fileRef = 7018BE5B28565C4C00311E26 /* PokedexView.swift */; };
		7018BE602856601800311E26 /* pokemon.json-master in Resources */ = {isa = PBXBuildFile; fileRef = 7018BE5F2856601400311E26 /* pokemon.json-master */; };
		7018BE62285660C300311E26 /* MainTabView.swift in Sources */ = {isa = PBXBuildFile; fileRef = 7018BE61285660C300311E26 /* MainTabView.swift */; };
		7018BE642856648600311E26 /* UserModel.swift in Sources */ = {isa = PBXBuildFile; fileRef = 7018BE632856648600311E26 /* UserModel.swift */; };
		7018BE67285665B500311E26 /* FirebaseAnalytics in Frameworks */ = {isa = PBXBuildFile; productRef = 7018BE66285665B500311E26 /* FirebaseAnalytics */; };
		7018BE69285665B500311E26 /* FirebaseAuth in Frameworks */ = {isa = PBXBuildFile; productRef = 7018BE68285665B500311E26 /* FirebaseAuth */; };
		7018BE6B285665B500311E26 /* FirebaseFirestore in Frameworks */ = {isa = PBXBuildFile; productRef = 7018BE6A285665B500311E26 /* FirebaseFirestore */; };
		7018BE6D28566B5200311E26 /* FirebaseFirestoreSwift in Frameworks */ = {isa = PBXBuildFile; productRef = 7018BE6C28566B5200311E26 /* FirebaseFirestoreSwift */; };
		7018BEBE28576B9300311E26 /* ExperienceView.swift in Sources */ = {isa = PBXBuildFile; fileRef = 7018BEBD28576B9300311E26 /* ExperienceView.swift */; };
		7018BEC4285781D200311E26 /* PokeBagViewModel.swift in Sources */ = {isa = PBXBuildFile; fileRef = 7018BEC3285780CB00311E26 /* PokeBagViewModel.swift */; };
		708C9A072858A94C00FAD13B /* FacebookCore in Frameworks */ = {isa = PBXBuildFile; productRef = 708C9A062858A94C00FAD13B /* FacebookCore */; };
		708C9A092858A94C00FAD13B /* FacebookLogin in Frameworks */ = {isa = PBXBuildFile; productRef = 708C9A082858A94C00FAD13B /* FacebookLogin */; };
		708C9A0C2858AAA200FAD13B /* FBLoginView.swift in Sources */ = {isa = PBXBuildFile; fileRef = 708C9A0B2858AAA200FAD13B /* FBLoginView.swift */; };
		708C9A112858AD9C00FAD13B /* URL.swift in Sources */ = {isa = PBXBuildFile; fileRef = 708C9A102858AD9C00FAD13B /* URL.swift */; };
		708C9A132858ADF000FAD13B /* ZStack.swift in Sources */ = {isa = PBXBuildFile; fileRef = 708C9A122858ADF000FAD13B /* ZStack.swift */; };
		708C9A152858AE1000FAD13B /* Image.swift in Sources */ = {isa = PBXBuildFile; fileRef = 708C9A142858AE1000FAD13B /* Image.swift */; };
		708C9A192858AE4100FAD13B /* Color.swift in Sources */ = {isa = PBXBuildFile; fileRef = 708C9A182858AE4100FAD13B /* Color.swift */; };
		708C9A1B2858AE8600FAD13B /* UIImage.swift in Sources */ = {isa = PBXBuildFile; fileRef = 708C9A1A2858AE8600FAD13B /* UIImage.swift */; };
		708C9A1D2858BD0300FAD13B /* UIViewController.swift in Sources */ = {isa = PBXBuildFile; fileRef = 708C9A1C2858BD0300FAD13B /* UIViewController.swift */; };
		708C9A1F2858C30C00FAD13B /* View.swift in Sources */ = {isa = PBXBuildFile; fileRef = 708C9A1E2858C30C00FAD13B /* View.swift */; };
		708C9A232858CD6900FAD13B /* SpinnerView.swift in Sources */ = {isa = PBXBuildFile; fileRef = 708C9A222858CD6900FAD13B /* SpinnerView.swift */; };
		708C9A252858D56300FAD13B /* AsyncImage.swift in Sources */ = {isa = PBXBuildFile; fileRef = 708C9A242858D56300FAD13B /* AsyncImage.swift */; };
		708C9A2D2859463A00FAD13B /* TextAlert.swift in Sources */ = {isa = PBXBuildFile; fileRef = 708C9A2C2859463A00FAD13B /* TextAlert.swift */; };
		708C9A2F28594F4800FAD13B /* SignupView.swift in Sources */ = {isa = PBXBuildFile; fileRef = 708C9A2E28594F4800FAD13B /* SignupView.swift */; };
		708C9A312859529C00FAD13B /* LabelledDivider.swift in Sources */ = {isa = PBXBuildFile; fileRef = 708C9A302859529C00FAD13B /* LabelledDivider.swift */; };
		708C9A332859602500FAD13B /* FirebaseStorage in Frameworks */ = {isa = PBXBuildFile; productRef = 708C9A322859602500FAD13B /* FirebaseStorage */; };
		708C9A35285960E700FAD13B /* FirebaseStorageCombine-Community in Frameworks */ = {isa = PBXBuildFile; productRef = 708C9A34285960E700FAD13B /* FirebaseStorageCombine-Community */; };
		708C9A372859689000FAD13B /* EditableImageView.swift in Sources */ = {isa = PBXBuildFile; fileRef = 708C9A362859688F00FAD13B /* EditableImageView.swift */; };
		708C9A392859887400FAD13B /* ThemeAccountView.swift in Sources */ = {isa = PBXBuildFile; fileRef = 708C9A382859887400FAD13B /* ThemeAccountView.swift */; };
		AA9AC59F212D39FC000B4E9D /* AppDelegate.swift in Sources */ = {isa = PBXBuildFile; fileRef = AA9AC59E212D39FC000B4E9D /* AppDelegate.swift */; };
		AA9AC5A4212D39FC000B4E9D /* Main.storyboard in Resources */ = {isa = PBXBuildFile; fileRef = AA9AC5A2212D39FC000B4E9D /* Main.storyboard */; };
		AA9AC5A6212D39FD000B4E9D /* Assets.xcassets in Resources */ = {isa = PBXBuildFile; fileRef = AA9AC5A5212D39FD000B4E9D /* Assets.xcassets */; };
		AA9AC5A9212D39FD000B4E9D /* LaunchScreen.storyboard in Resources */ = {isa = PBXBuildFile; fileRef = AA9AC5A7212D39FD000B4E9D /* LaunchScreen.storyboard */; };
/* End PBXBuildFile section */

/* Begin PBXFileReference section */
		2B7188819D4ABCA5FEB2A57A /* Pods_PokemonAR.framework */ = {isa = PBXFileReference; explicitFileType = wrapper.framework; includeInIndex = 0; path = Pods_PokemonAR.framework; sourceTree = BUILT_PRODUCTS_DIR; };
		5461A9602A0A3561DB9D597D /* Pods-PokemonAR.debug.xcconfig */ = {isa = PBXFileReference; includeInIndex = 1; lastKnownFileType = text.xcconfig; name = "Pods-PokemonAR.debug.xcconfig"; path = "Target Support Files/Pods-PokemonAR/Pods-PokemonAR.debug.xcconfig"; sourceTree = "<group>"; };
		661EBCB319BEACFB38192437 /* Pods-PokemonAR.release.xcconfig */ = {isa = PBXFileReference; includeInIndex = 1; lastKnownFileType = text.xcconfig; name = "Pods-PokemonAR.release.xcconfig"; path = "Target Support Files/Pods-PokemonAR/Pods-PokemonAR.release.xcconfig"; sourceTree = "<group>"; };
		7018BE13285655D500311E26 /* detect.tflite */ = {isa = PBXFileReference; lastKnownFileType = file; path = detect.tflite; sourceTree = "<group>"; };
		7018BE14285655D700311E26 /* labelmap.txt */ = {isa = PBXFileReference; fileEncoding = 4; lastKnownFileType = text; path = labelmap.txt; sourceTree = "<group>"; };
		7018BE18285655F200311E26 /* OverlayViewRepresentable.swift */ = {isa = PBXFileReference; fileEncoding = 4; lastKnownFileType = sourcecode.swift; path = OverlayViewRepresentable.swift; sourceTree = "<group>"; };
		7018BE19285655F300311E26 /* OverlayView.swift */ = {isa = PBXFileReference; fileEncoding = 4; lastKnownFileType = sourcecode.swift; path = OverlayView.swift; sourceTree = "<group>"; };
		7018BE1A285655F400311E26 /* CurvedView.swift */ = {isa = PBXFileReference; fileEncoding = 4; lastKnownFileType = sourcecode.swift; path = CurvedView.swift; sourceTree = "<group>"; };
		7018BE1B285655F600311E26 /* CurvedViewRepresentable.swift */ = {isa = PBXFileReference; fileEncoding = 4; lastKnownFileType = sourcecode.swift; path = CurvedViewRepresentable.swift; sourceTree = "<group>"; };
		7018BE212856560B00311E26 /* ViewController.swift */ = {isa = PBXFileReference; fileEncoding = 4; lastKnownFileType = sourcecode.swift; path = ViewController.swift; sourceTree = "<group>"; };
		7018BE222856560C00311E26 /* InferenceViewController.swift */ = {isa = PBXFileReference; fileEncoding = 4; lastKnownFileType = sourcecode.swift; path = InferenceViewController.swift; sourceTree = "<group>"; };
		7018BE232856560D00311E26 /* ViewControllerPreview.swift */ = {isa = PBXFileReference; fileEncoding = 4; lastKnownFileType = sourcecode.swift; path = ViewControllerPreview.swift; sourceTree = "<group>"; };
		7018BE252856561100311E26 /* ViewControllerRepresentable.swift */ = {isa = PBXFileReference; fileEncoding = 4; lastKnownFileType = sourcecode.swift; path = ViewControllerRepresentable.swift; sourceTree = "<group>"; };
		7018BE2A2856561F00311E26 /* PreviewView.swift */ = {isa = PBXFileReference; fileEncoding = 4; lastKnownFileType = sourcecode.swift; path = PreviewView.swift; sourceTree = "<group>"; };
		7018BE2B2856562100311E26 /* CameraFeedManager.swift */ = {isa = PBXFileReference; fileEncoding = 4; lastKnownFileType = sourcecode.swift; path = CameraFeedManager.swift; sourceTree = "<group>"; };
		7018BE2C2856562200311E26 /* CameraFeedManagerPreview.swift */ = {isa = PBXFileReference; fileEncoding = 4; lastKnownFileType = sourcecode.swift; path = CameraFeedManagerPreview.swift; sourceTree = "<group>"; };
		7018BE312856563400311E26 /* InfoCell.swift */ = {isa = PBXFileReference; fileEncoding = 4; lastKnownFileType = sourcecode.swift; path = InfoCell.swift; sourceTree = "<group>"; };
		7018BE342856568D00311E26 /* StringExtension.swift */ = {isa = PBXFileReference; fileEncoding = 4; lastKnownFileType = sourcecode.swift; path = StringExtension.swift; sourceTree = "<group>"; };
		7018BE352856568F00311E26 /* UIColorExtension.swift */ = {isa = PBXFileReference; fileEncoding = 4; lastKnownFileType = sourcecode.swift; path = UIColorExtension.swift; sourceTree = "<group>"; };
		7018BE372856569200311E26 /* CVPixelBufferExtension.swift */ = {isa = PBXFileReference; fileEncoding = 4; lastKnownFileType = sourcecode.swift; path = CVPixelBufferExtension.swift; sourceTree = "<group>"; };
		7018BE3B285656D200311E26 /* ModelDataHandler.swift */ = {isa = PBXFileReference; fileEncoding = 4; lastKnownFileType = sourcecode.swift; path = ModelDataHandler.swift; sourceTree = "<group>"; };
		7018BE3E2856575C00311E26 /* MainAuthView.swift */ = {isa = PBXFileReference; fileEncoding = 4; lastKnownFileType = sourcecode.swift; path = MainAuthView.swift; sourceTree = "<group>"; };
		7018BE3F2856575E00311E26 /* AccountSettingView.swift */ = {isa = PBXFileReference; fileEncoding = 4; lastKnownFileType = sourcecode.swift; path = AccountSettingView.swift; sourceTree = "<group>"; };
		7018BE412856576000311E26 /* HomeView.swift */ = {isa = PBXFileReference; fileEncoding = 4; lastKnownFileType = sourcecode.swift; path = HomeView.swift; sourceTree = "<group>"; };
		7018BE422856576100311E26 /* LoginView.swift */ = {isa = PBXFileReference; fileEncoding = 4; lastKnownFileType = sourcecode.swift; path = LoginView.swift; sourceTree = "<group>"; };
		7018BE492856577C00311E26 /* ImagePicker.swift */ = {isa = PBXFileReference; fileEncoding = 4; lastKnownFileType = sourcecode.swift; path = ImagePicker.swift; sourceTree = "<group>"; };
		7018BE4C2856585E00311E26 /* Pokedex.swift */ = {isa = PBXFileReference; fileEncoding = 4; lastKnownFileType = sourcecode.swift; path = Pokedex.swift; sourceTree = "<group>"; };
		7018BE4D2856585F00311E26 /* UserSessionModel.swift */ = {isa = PBXFileReference; fileEncoding = 4; lastKnownFileType = sourcecode.swift; path = UserSessionModel.swift; sourceTree = "<group>"; };
		7018BE502856589A00311E26 /* GoogleService-Info.plist */ = {isa = PBXFileReference; fileEncoding = 4; lastKnownFileType = text.plist.xml; path = "GoogleService-Info.plist"; sourceTree = "<group>"; };
		7018BE5928565C4700311E26 /* PokemonCardView.swift */ = {isa = PBXFileReference; fileEncoding = 4; lastKnownFileType = sourcecode.swift; path = PokemonCardView.swift; sourceTree = "<group>"; };
		7018BE5A28565C4800311E26 /* PokemonView.swift */ = {isa = PBXFileReference; fileEncoding = 4; lastKnownFileType = sourcecode.swift; path = PokemonView.swift; sourceTree = "<group>"; };
		7018BE5B28565C4C00311E26 /* PokedexView.swift */ = {isa = PBXFileReference; fileEncoding = 4; lastKnownFileType = sourcecode.swift; path = PokedexView.swift; sourceTree = "<group>"; };
		7018BE5F2856601400311E26 /* pokemon.json-master */ = {isa = PBXFileReference; lastKnownFileType = folder; path = "pokemon.json-master"; sourceTree = SOURCE_ROOT; };
		7018BE61285660C300311E26 /* MainTabView.swift */ = {isa = PBXFileReference; lastKnownFileType = sourcecode.swift; path = MainTabView.swift; sourceTree = "<group>"; };
		7018BE632856648600311E26 /* UserModel.swift */ = {isa = PBXFileReference; lastKnownFileType = sourcecode.swift; path = UserModel.swift; sourceTree = "<group>"; };
		7018BEBD28576B9300311E26 /* ExperienceView.swift */ = {isa = PBXFileReference; lastKnownFileType = sourcecode.swift; path = ExperienceView.swift; sourceTree = "<group>"; };
		7018BEC3285780CB00311E26 /* PokeBagViewModel.swift */ = {isa = PBXFileReference; lastKnownFileType = sourcecode.swift; path = PokeBagViewModel.swift; sourceTree = "<group>"; };
		708C9A0B2858AAA200FAD13B /* FBLoginView.swift */ = {isa = PBXFileReference; fileEncoding = 4; lastKnownFileType = sourcecode.swift; path = FBLoginView.swift; sourceTree = "<group>"; };
		708C9A102858AD9C00FAD13B /* URL.swift */ = {isa = PBXFileReference; lastKnownFileType = sourcecode.swift; path = URL.swift; sourceTree = "<group>"; };
		708C9A122858ADF000FAD13B /* ZStack.swift */ = {isa = PBXFileReference; lastKnownFileType = sourcecode.swift; path = ZStack.swift; sourceTree = "<group>"; };
		708C9A142858AE1000FAD13B /* Image.swift */ = {isa = PBXFileReference; lastKnownFileType = sourcecode.swift; path = Image.swift; sourceTree = "<group>"; };
		708C9A182858AE4100FAD13B /* Color.swift */ = {isa = PBXFileReference; lastKnownFileType = sourcecode.swift; path = Color.swift; sourceTree = "<group>"; };
		708C9A1A2858AE8600FAD13B /* UIImage.swift */ = {isa = PBXFileReference; lastKnownFileType = sourcecode.swift; path = UIImage.swift; sourceTree = "<group>"; };
		708C9A1C2858BD0300FAD13B /* UIViewController.swift */ = {isa = PBXFileReference; fileEncoding = 4; lastKnownFileType = sourcecode.swift; path = UIViewController.swift; sourceTree = "<group>"; };
		708C9A1E2858C30C00FAD13B /* View.swift */ = {isa = PBXFileReference; lastKnownFileType = sourcecode.swift; path = View.swift; sourceTree = "<group>"; };
		708C9A222858CD6900FAD13B /* SpinnerView.swift */ = {isa = PBXFileReference; lastKnownFileType = sourcecode.swift; path = SpinnerView.swift; sourceTree = "<group>"; };
		708C9A242858D56300FAD13B /* AsyncImage.swift */ = {isa = PBXFileReference; lastKnownFileType = sourcecode.swift; path = AsyncImage.swift; sourceTree = "<group>"; };
		708C9A2C2859463A00FAD13B /* TextAlert.swift */ = {isa = PBXFileReference; lastKnownFileType = sourcecode.swift; path = TextAlert.swift; sourceTree = "<group>"; };
		708C9A2E28594F4800FAD13B /* SignupView.swift */ = {isa = PBXFileReference; lastKnownFileType = sourcecode.swift; path = SignupView.swift; sourceTree = "<group>"; };
		708C9A302859529C00FAD13B /* LabelledDivider.swift */ = {isa = PBXFileReference; lastKnownFileType = sourcecode.swift; path = LabelledDivider.swift; sourceTree = "<group>"; };
		708C9A362859688F00FAD13B /* EditableImageView.swift */ = {isa = PBXFileReference; lastKnownFileType = sourcecode.swift; path = EditableImageView.swift; sourceTree = "<group>"; };
		708C9A382859887400FAD13B /* ThemeAccountView.swift */ = {isa = PBXFileReference; fileEncoding = 4; lastKnownFileType = sourcecode.swift; path = ThemeAccountView.swift; sourceTree = "<group>"; };
		AA9AC59B212D39FC000B4E9D /* PokemonAR.app */ = {isa = PBXFileReference; explicitFileType = wrapper.application; includeInIndex = 0; path = PokemonAR.app; sourceTree = BUILT_PRODUCTS_DIR; };
		AA9AC59E212D39FC000B4E9D /* AppDelegate.swift */ = {isa = PBXFileReference; lastKnownFileType = sourcecode.swift; path = AppDelegate.swift; sourceTree = "<group>"; };
		AA9AC5A3212D39FC000B4E9D /* Base */ = {isa = PBXFileReference; lastKnownFileType = file.storyboard; name = Base; path = Base.lproj/Main.storyboard; sourceTree = "<group>"; };
		AA9AC5A5212D39FD000B4E9D /* Assets.xcassets */ = {isa = PBXFileReference; lastKnownFileType = folder.assetcatalog; path = Assets.xcassets; sourceTree = "<group>"; };
		AA9AC5A8212D39FD000B4E9D /* Base */ = {isa = PBXFileReference; lastKnownFileType = file.storyboard; name = Base; path = Base.lproj/LaunchScreen.storyboard; sourceTree = "<group>"; };
		AA9AC5AA212D39FD000B4E9D /* Info.plist */ = {isa = PBXFileReference; lastKnownFileType = text.plist.xml; path = Info.plist; sourceTree = "<group>"; };
/* End PBXFileReference section */

/* Begin PBXFrameworksBuildPhase section */
		AA9AC598212D39FC000B4E9D /* Frameworks */ = {
			isa = PBXFrameworksBuildPhase;
			buildActionMask = 2147483647;
			files = (
				7018BE6D28566B5200311E26 /* FirebaseFirestoreSwift in Frameworks */,
				708C9A072858A94C00FAD13B /* FacebookCore in Frameworks */,
				7018BE69285665B500311E26 /* FirebaseAuth in Frameworks */,
				7018BE67285665B500311E26 /* FirebaseAnalytics in Frameworks */,
				1E80B32721521BCC7B34949C /* Pods_PokemonAR.framework in Frameworks */,
				708C9A332859602500FAD13B /* FirebaseStorage in Frameworks */,
				708C9A092858A94C00FAD13B /* FacebookLogin in Frameworks */,
				708C9A35285960E700FAD13B /* FirebaseStorageCombine-Community in Frameworks */,
				7018BE6B285665B500311E26 /* FirebaseFirestore in Frameworks */,
			);
			runOnlyForDeploymentPostprocessing = 0;
		};
/* End PBXFrameworksBuildPhase section */

/* Begin PBXGroup section */
		7018BDFF2856521300311E26 /* Detection */ = {
			isa = PBXGroup;
			children = (
				7018BE362856569200311E26 /* ModelDataHandler */,
				7018BE332856563C00311E26 /* Extensions */,
				7018BE302856562800311E26 /* Cells */,
				7018BE242856561100311E26 /* Camera Feed */,
				7018BE20285655FA00311E26 /* ViewControllers */,
				7018BE17285655E500311E26 /* Views */,
				7018BE12285655B300311E26 /* Model */,
				AA9AC5A2212D39FC000B4E9D /* Main.storyboard */,
			);
			path = Detection;
			sourceTree = "<group>";
		};
		7018BE12285655B300311E26 /* Model */ = {
			isa = PBXGroup;
			children = (
				7018BE13285655D500311E26 /* detect.tflite */,
				7018BE14285655D700311E26 /* labelmap.txt */,
			);
			path = Model;
			sourceTree = "<group>";
		};
		7018BE17285655E500311E26 /* Views */ = {
			isa = PBXGroup;
			children = (
				7018BE1A285655F400311E26 /* CurvedView.swift */,
				7018BE1B285655F600311E26 /* CurvedViewRepresentable.swift */,
				7018BE19285655F300311E26 /* OverlayView.swift */,
				7018BE18285655F200311E26 /* OverlayViewRepresentable.swift */,
			);
			path = Views;
			sourceTree = "<group>";
		};
		7018BE20285655FA00311E26 /* ViewControllers */ = {
			isa = PBXGroup;
			children = (
				7018BE222856560C00311E26 /* InferenceViewController.swift */,
				7018BE212856560B00311E26 /* ViewController.swift */,
				7018BE232856560D00311E26 /* ViewControllerPreview.swift */,
				7018BE252856561100311E26 /* ViewControllerRepresentable.swift */,
			);
			path = ViewControllers;
			sourceTree = "<group>";
		};
		7018BE242856561100311E26 /* Camera Feed */ = {
			isa = PBXGroup;
			children = (
				7018BE2B2856562100311E26 /* CameraFeedManager.swift */,
				7018BE2C2856562200311E26 /* CameraFeedManagerPreview.swift */,
				7018BE2A2856561F00311E26 /* PreviewView.swift */,
			);
			path = "Camera Feed";
			sourceTree = "<group>";
		};
		7018BE302856562800311E26 /* Cells */ = {
			isa = PBXGroup;
			children = (
				7018BE312856563400311E26 /* InfoCell.swift */,
			);
			path = Cells;
			sourceTree = "<group>";
		};
		7018BE332856563C00311E26 /* Extensions */ = {
			isa = PBXGroup;
			children = (
				7018BE372856569200311E26 /* CVPixelBufferExtension.swift */,
				7018BE342856568D00311E26 /* StringExtension.swift */,
				7018BE352856568F00311E26 /* UIColorExtension.swift */,
			);
			path = Extensions;
			sourceTree = "<group>";
		};
		7018BE362856569200311E26 /* ModelDataHandler */ = {
			isa = PBXGroup;
			children = (
				7018BE3B285656D200311E26 /* ModelDataHandler.swift */,
			);
			path = ModelDataHandler;
			sourceTree = "<group>";
		};
		7018BE3D2856574B00311E26 /* Views */ = {
			isa = PBXGroup;
			children = (
				708C9A0D2858AD3100FAD13B /* Extensions */,
				7018BEC52857A04A00311E26 /* Account */,
				7018BEBC28576B0800311E26 /* Utils */,
				7018BE5728565C2B00311E26 /* Pokemon */,
				7018BE3E2856575C00311E26 /* MainAuthView.swift */,
				7018BE61285660C300311E26 /* MainTabView.swift */,
			);
			path = Views;
			sourceTree = "<group>";
		};
		7018BE4B2856584C00311E26 /* Models */ = {
			isa = PBXGroup;
			children = (
				7018BE4C2856585E00311E26 /* Pokedex.swift */,
				7018BE4D2856585F00311E26 /* UserSessionModel.swift */,
				7018BE632856648600311E26 /* UserModel.swift */,
			);
			path = Models;
			sourceTree = "<group>";
		};
		7018BE5728565C2B00311E26 /* Pokemon */ = {
			isa = PBXGroup;
			children = (
				7018BE5828565C3300311E26 /* Pokedex */,
			);
			path = Pokemon;
			sourceTree = "<group>";
		};
		7018BE5828565C3300311E26 /* Pokedex */ = {
			isa = PBXGroup;
			children = (
				7018BE5B28565C4C00311E26 /* PokedexView.swift */,
				7018BE5928565C4700311E26 /* PokemonCardView.swift */,
				7018BE5A28565C4800311E26 /* PokemonView.swift */,
			);
			path = Pokedex;
			sourceTree = "<group>";
		};
		7018BEBC28576B0800311E26 /* Utils */ = {
			isa = PBXGroup;
			children = (
				7018BEBD28576B9300311E26 /* ExperienceView.swift */,
			);
			path = Utils;
			sourceTree = "<group>";
		};
		7018BEC2285780CB00311E26 /* ViewModel */ = {
			isa = PBXGroup;
			children = (
				7018BEC3285780CB00311E26 /* PokeBagViewModel.swift */,
			);
			path = ViewModel;
			sourceTree = "<group>";
		};
		7018BEC52857A04A00311E26 /* Account */ = {
			isa = PBXGroup;
			children = (
				708C9A0A2858AA9100FAD13B /* Facebook */,
				7018BE3F2856575E00311E26 /* AccountSettingView.swift */,
				7018BE412856576000311E26 /* HomeView.swift */,
				708C9A382859887400FAD13B /* ThemeAccountView.swift */,
				7018BE422856576100311E26 /* LoginView.swift */,
				708C9A2E28594F4800FAD13B /* SignupView.swift */,
			);
			path = Account;
			sourceTree = "<group>";
		};
		708C9A0A2858AA9100FAD13B /* Facebook */ = {
			isa = PBXGroup;
			children = (
				708C9A0B2858AAA200FAD13B /* FBLoginView.swift */,
			);
			path = Facebook;
			sourceTree = "<group>";
		};
		708C9A0D2858AD3100FAD13B /* Extensions */ = {
			isa = PBXGroup;
			children = (
				7018BE492856577C00311E26 /* ImagePicker.swift */,
				708C9A1C2858BD0300FAD13B /* UIViewController.swift */,
				708C9A102858AD9C00FAD13B /* URL.swift */,
				708C9A122858ADF000FAD13B /* ZStack.swift */,
				708C9A142858AE1000FAD13B /* Image.swift */,
				708C9A182858AE4100FAD13B /* Color.swift */,
				708C9A1A2858AE8600FAD13B /* UIImage.swift */,
				708C9A1E2858C30C00FAD13B /* View.swift */,
				708C9A222858CD6900FAD13B /* SpinnerView.swift */,
				708C9A242858D56300FAD13B /* AsyncImage.swift */,
				708C9A2C2859463A00FAD13B /* TextAlert.swift */,
				708C9A302859529C00FAD13B /* LabelledDivider.swift */,
				708C9A362859688F00FAD13B /* EditableImageView.swift */,
			);
			path = Extensions;
			sourceTree = "<group>";
		};
		A35BE145980A216CC3A6A0A6 /* Frameworks */ = {
			isa = PBXGroup;
			children = (
				2B7188819D4ABCA5FEB2A57A /* Pods_PokemonAR.framework */,
			);
			name = Frameworks;
			sourceTree = "<group>";
		};
		AA9AC592212D39FC000B4E9D = {
			isa = PBXGroup;
			children = (
				AA9AC59D212D39FC000B4E9D /* PokemonAR */,
				AA9AC59C212D39FC000B4E9D /* Products */,
				C5C06069A877002CD7A994EB /* Pods */,
				A35BE145980A216CC3A6A0A6 /* Frameworks */,
			);
			sourceTree = "<group>";
		};
		AA9AC59C212D39FC000B4E9D /* Products */ = {
			isa = PBXGroup;
			children = (
				AA9AC59B212D39FC000B4E9D /* PokemonAR.app */,
			);
			name = Products;
			sourceTree = "<group>";
		};
		AA9AC59D212D39FC000B4E9D /* PokemonAR */ = {
			isa = PBXGroup;
			children = (
				7018BE502856589A00311E26 /* GoogleService-Info.plist */,
				7018BE5F2856601400311E26 /* pokemon.json-master */,
				7018BEC2285780CB00311E26 /* ViewModel */,
				7018BE4B2856584C00311E26 /* Models */,
				7018BDFF2856521300311E26 /* Detection */,
				7018BE3D2856574B00311E26 /* Views */,
				AA9AC59E212D39FC000B4E9D /* AppDelegate.swift */,
				AA9AC5A5212D39FD000B4E9D /* Assets.xcassets */,
				AA9AC5A7212D39FD000B4E9D /* LaunchScreen.storyboard */,
				AA9AC5AA212D39FD000B4E9D /* Info.plist */,
			);
			path = PokemonAR;
			sourceTree = "<group>";
		};
		C5C06069A877002CD7A994EB /* Pods */ = {
			isa = PBXGroup;
			children = (
				5461A9602A0A3561DB9D597D /* Pods-PokemonAR.debug.xcconfig */,
				661EBCB319BEACFB38192437 /* Pods-PokemonAR.release.xcconfig */,
			);
			path = Pods;
			sourceTree = "<group>";
		};
/* End PBXGroup section */

/* Begin PBXNativeTarget section */
		AA9AC59A212D39FC000B4E9D /* PokemonAR */ = {
			isa = PBXNativeTarget;
			buildConfigurationList = AA9AC5C3212D39FD000B4E9D /* Build configuration list for PBXNativeTarget "PokemonAR" */;
			buildPhases = (
				0AAB246F7E1B285AB2651E60 /* [CP] Check Pods Manifest.lock */,
				AA055D8A21622F7C00B25948 /* ShellScript */,
				AA9AC597212D39FC000B4E9D /* Sources */,
				AA9AC598212D39FC000B4E9D /* Frameworks */,
				AA9AC599212D39FC000B4E9D /* Resources */,
			);
			buildRules = (
			);
			dependencies = (
			);
			name = PokemonAR;
			packageProductDependencies = (
				7018BE66285665B500311E26 /* FirebaseAnalytics */,
				7018BE68285665B500311E26 /* FirebaseAuth */,
				7018BE6A285665B500311E26 /* FirebaseFirestore */,
				7018BE6C28566B5200311E26 /* FirebaseFirestoreSwift */,
				708C9A062858A94C00FAD13B /* FacebookCore */,
				708C9A082858A94C00FAD13B /* FacebookLogin */,
				708C9A322859602500FAD13B /* FirebaseStorage */,
				708C9A34285960E700FAD13B /* FirebaseStorageCombine-Community */,
			);
			productName = PokemonAR;
			productReference = AA9AC59B212D39FC000B4E9D /* PokemonAR.app */;
			productType = "com.apple.product-type.application";
		};
/* End PBXNativeTarget section */

/* Begin PBXProject section */
		AA9AC593212D39FC000B4E9D /* Project object */ = {
			isa = PBXProject;
			attributes = {
				LastSwiftUpdateCheck = 0940;
				LastUpgradeCheck = 1330;
				ORGANIZATIONNAME = "Y Media Labs";
				TargetAttributes = {
					AA9AC59A212D39FC000B4E9D = {
						CreatedOnToolsVersion = 9.4.1;
						LastSwiftMigration = 1140;
					};
				};
			};
			buildConfigurationList = AA9AC596212D39FC000B4E9D /* Build configuration list for PBXProject "PokemonAR" */;
			compatibilityVersion = "Xcode 13.0";
			developmentRegion = en;
			hasScannedForEncodings = 0;
			knownRegions = (
				en,
				Base,
			);
			mainGroup = AA9AC592212D39FC000B4E9D;
			packageReferences = (
				7018BE65285665B500311E26 /* XCRemoteSwiftPackageReference "firebase-ios-sdk" */,
				708C9A052858A94C00FAD13B /* XCRemoteSwiftPackageReference "facebook-ios-sdk" */,
			);
			productRefGroup = AA9AC59C212D39FC000B4E9D /* Products */;
			projectDirPath = "";
			projectRoot = "";
			targets = (
				AA9AC59A212D39FC000B4E9D /* PokemonAR */,
			);
		};
/* End PBXProject section */

/* Begin PBXResourcesBuildPhase section */
		AA9AC599212D39FC000B4E9D /* Resources */ = {
			isa = PBXResourcesBuildPhase;
			buildActionMask = 2147483647;
			files = (
				7018BE15285655D700311E26 /* detect.tflite in Resources */,
				AA9AC5A9212D39FD000B4E9D /* LaunchScreen.storyboard in Resources */,
				AA9AC5A6212D39FD000B4E9D /* Assets.xcassets in Resources */,
				AA9AC5A4212D39FC000B4E9D /* Main.storyboard in Resources */,
				7018BE16285655D700311E26 /* labelmap.txt in Resources */,
				7018BE512856589A00311E26 /* GoogleService-Info.plist in Resources */,
				7018BE602856601800311E26 /* pokemon.json-master in Resources */,
			);
			runOnlyForDeploymentPostprocessing = 0;
		};
/* End PBXResourcesBuildPhase section */

/* Begin PBXShellScriptBuildPhase section */
		0AAB246F7E1B285AB2651E60 /* [CP] Check Pods Manifest.lock */ = {
			isa = PBXShellScriptBuildPhase;
			buildActionMask = 2147483647;
			files = (
			);
			inputFileListPaths = (
			);
			inputPaths = (
				"${PODS_PODFILE_DIR_PATH}/Podfile.lock",
				"${PODS_ROOT}/Manifest.lock",
			);
			name = "[CP] Check Pods Manifest.lock";
			outputFileListPaths = (
			);
			outputPaths = (
				"$(DERIVED_FILE_DIR)/Pods-PokemonAR-checkManifestLockResult.txt",
			);
			runOnlyForDeploymentPostprocessing = 0;
			shellPath = /bin/sh;
			shellScript = "diff \"${PODS_PODFILE_DIR_PATH}/Podfile.lock\" \"${PODS_ROOT}/Manifest.lock\" > /dev/null\nif [ $? != 0 ] ; then\n    # print error to STDERR\n    echo \"error: The sandbox is not in sync with the Podfile.lock. Run 'pod install' or update your CocoaPods installation.\" >&2\n    exit 1\nfi\n# This output is used by Xcode 'outputs' to avoid re-running this script phase.\necho \"SUCCESS\" > \"${SCRIPT_OUTPUT_FILE_0}\"\n";
			showEnvVarsInLog = 0;
		};
		AA055D8A21622F7C00B25948 /* ShellScript */ = {
			isa = PBXShellScriptBuildPhase;
			buildActionMask = 2147483647;
			files = (
			);
			inputFileListPaths = (
			);
			inputPaths = (
			);
			outputFileListPaths = (
			);
			outputPaths = (
			);
			runOnlyForDeploymentPostprocessing = 0;
			shellPath = /bin/sh;
			shellScript = "# Type a script or drag a script file from your workspace to insert its path.\n\"$SRCROOT/RunScripts/download_models.sh\"\n";
		};
/* End PBXShellScriptBuildPhase section */

/* Begin PBXSourcesBuildPhase section */
		AA9AC597212D39FC000B4E9D /* Sources */ = {
			isa = PBXSourcesBuildPhase;
			buildActionMask = 2147483647;
			files = (
				7018BE272856561100311E26 /* InferenceViewController.swift in Sources */,
				708C9A152858AE1000FAD13B /* Image.swift in Sources */,
				7018BE432856576100311E26 /* MainAuthView.swift in Sources */,
				7018BE262856561100311E26 /* ViewController.swift in Sources */,
				7018BE5D28565C4C00311E26 /* PokemonView.swift in Sources */,
				708C9A252858D56300FAD13B /* AsyncImage.swift in Sources */,
				7018BE392856569200311E26 /* UIColorExtension.swift in Sources */,
				7018BE1D285655F600311E26 /* OverlayView.swift in Sources */,
				7018BE2F2856562200311E26 /* CameraFeedManagerPreview.swift in Sources */,
				708C9A112858AD9C00FAD13B /* URL.swift in Sources */,
				708C9A392859887400FAD13B /* ThemeAccountView.swift in Sources */,
				708C9A312859529C00FAD13B /* LabelledDivider.swift in Sources */,
				7018BE2E2856562200311E26 /* CameraFeedManager.swift in Sources */,
				708C9A372859689000FAD13B /* EditableImageView.swift in Sources */,
				7018BE4E2856585F00311E26 /* Pokedex.swift in Sources */,
				7018BE472856576100311E26 /* LoginView.swift in Sources */,
				7018BE292856561100311E26 /* ViewControllerRepresentable.swift in Sources */,
				7018BE442856576100311E26 /* AccountSettingView.swift in Sources */,
				7018BE1C285655F600311E26 /* OverlayViewRepresentable.swift in Sources */,
				708C9A2D2859463A00FAD13B /* TextAlert.swift in Sources */,
				7018BE2D2856562200311E26 /* PreviewView.swift in Sources */,
				7018BE5E28565C4C00311E26 /* PokedexView.swift in Sources */,
				708C9A192858AE4100FAD13B /* Color.swift in Sources */,
				708C9A2F28594F4800FAD13B /* SignupView.swift in Sources */,
				7018BE62285660C300311E26 /* MainTabView.swift in Sources */,
				7018BE4A2856577C00311E26 /* ImagePicker.swift in Sources */,
				7018BE642856648600311E26 /* UserModel.swift in Sources */,
				7018BEBE28576B9300311E26 /* ExperienceView.swift in Sources */,
				708C9A1D2858BD0300FAD13B /* UIViewController.swift in Sources */,
				7018BE4F2856585F00311E26 /* UserSessionModel.swift in Sources */,
				7018BEC4285781D200311E26 /* PokeBagViewModel.swift in Sources */,
				708C9A232858CD6900FAD13B /* SpinnerView.swift in Sources */,
				708C9A132858ADF000FAD13B /* ZStack.swift in Sources */,
				708C9A1F2858C30C00FAD13B /* View.swift in Sources */,
				7018BE3A2856569200311E26 /* CVPixelBufferExtension.swift in Sources */,
				708C9A0C2858AAA200FAD13B /* FBLoginView.swift in Sources */,
				7018BE382856569200311E26 /* StringExtension.swift in Sources */,
				AA9AC59F212D39FC000B4E9D /* AppDelegate.swift in Sources */,
				7018BE462856576100311E26 /* HomeView.swift in Sources */,
				7018BE5C28565C4C00311E26 /* PokemonCardView.swift in Sources */,
				708C9A1B2858AE8600FAD13B /* UIImage.swift in Sources */,
				7018BE322856563500311E26 /* InfoCell.swift in Sources */,
				7018BE1F285655F600311E26 /* CurvedViewRepresentable.swift in Sources */,
				7018BE1E285655F600311E26 /* CurvedView.swift in Sources */,
				7018BE282856561100311E26 /* ViewControllerPreview.swift in Sources */,
				7018BE3C285656D200311E26 /* ModelDataHandler.swift in Sources */,
			);
			runOnlyForDeploymentPostprocessing = 0;
		};
/* End PBXSourcesBuildPhase section */

/* Begin PBXVariantGroup section */
		AA9AC5A2212D39FC000B4E9D /* Main.storyboard */ = {
			isa = PBXVariantGroup;
			children = (
				AA9AC5A3212D39FC000B4E9D /* Base */,
			);
			name = Main.storyboard;
			sourceTree = "<group>";
		};
		AA9AC5A7212D39FD000B4E9D /* LaunchScreen.storyboard */ = {
			isa = PBXVariantGroup;
			children = (
				AA9AC5A8212D39FD000B4E9D /* Base */,
			);
			name = LaunchScreen.storyboard;
			sourceTree = "<group>";
		};
/* End PBXVariantGroup section */

/* Begin XCBuildConfiguration section */
		AA9AC5C1212D39FD000B4E9D /* Debug */ = {
			isa = XCBuildConfiguration;
			buildSettings = {
				ALWAYS_SEARCH_USER_PATHS = NO;
				CLANG_ANALYZER_NONNULL = YES;
				CLANG_ANALYZER_NUMBER_OBJECT_CONVERSION = YES_AGGRESSIVE;
				CLANG_CXX_LANGUAGE_STANDARD = "gnu++14";
				CLANG_CXX_LIBRARY = "libc++";
				CLANG_ENABLE_MODULES = YES;
				CLANG_ENABLE_OBJC_ARC = YES;
				CLANG_ENABLE_OBJC_WEAK = YES;
				CLANG_WARN_BLOCK_CAPTURE_AUTORELEASING = YES;
				CLANG_WARN_BOOL_CONVERSION = YES;
				CLANG_WARN_COMMA = YES;
				CLANG_WARN_CONSTANT_CONVERSION = YES;
				CLANG_WARN_DEPRECATED_OBJC_IMPLEMENTATIONS = YES;
				CLANG_WARN_DIRECT_OBJC_ISA_USAGE = YES_ERROR;
				CLANG_WARN_DOCUMENTATION_COMMENTS = YES;
				CLANG_WARN_EMPTY_BODY = YES;
				CLANG_WARN_ENUM_CONVERSION = YES;
				CLANG_WARN_INFINITE_RECURSION = YES;
				CLANG_WARN_INT_CONVERSION = YES;
				CLANG_WARN_NON_LITERAL_NULL_CONVERSION = YES;
				CLANG_WARN_OBJC_IMPLICIT_RETAIN_SELF = YES;
				CLANG_WARN_OBJC_LITERAL_CONVERSION = YES;
				CLANG_WARN_OBJC_ROOT_CLASS = YES_ERROR;
				CLANG_WARN_QUOTED_INCLUDE_IN_FRAMEWORK_HEADER = YES;
				CLANG_WARN_RANGE_LOOP_ANALYSIS = YES;
				CLANG_WARN_STRICT_PROTOTYPES = YES;
				CLANG_WARN_SUSPICIOUS_MOVE = YES;
				CLANG_WARN_UNGUARDED_AVAILABILITY = YES_AGGRESSIVE;
				CLANG_WARN_UNREACHABLE_CODE = YES;
				CLANG_WARN__DUPLICATE_METHOD_MATCH = YES;
				CODE_SIGN_IDENTITY = "iPhone Developer";
				COPY_PHASE_STRIP = NO;
				DEBUG_INFORMATION_FORMAT = dwarf;
				ENABLE_STRICT_OBJC_MSGSEND = YES;
				ENABLE_TESTABILITY = YES;
				GCC_C_LANGUAGE_STANDARD = gnu11;
				GCC_DYNAMIC_NO_PIC = NO;
				GCC_NO_COMMON_BLOCKS = YES;
				GCC_OPTIMIZATION_LEVEL = 0;
				GCC_PREPROCESSOR_DEFINITIONS = (
					"DEBUG=1",
					"$(inherited)",
				);
				GCC_WARN_64_TO_32_BIT_CONVERSION = YES;
				GCC_WARN_ABOUT_RETURN_TYPE = YES_ERROR;
				GCC_WARN_UNDECLARED_SELECTOR = YES;
				GCC_WARN_UNINITIALIZED_AUTOS = YES_AGGRESSIVE;
				GCC_WARN_UNUSED_FUNCTION = YES;
				GCC_WARN_UNUSED_VARIABLE = YES;
				IPHONEOS_DEPLOYMENT_TARGET = 12.0;
				MTL_ENABLE_DEBUG_INFO = YES;
				ONLY_ACTIVE_ARCH = YES;
				SDKROOT = iphoneos;
				SWIFT_ACTIVE_COMPILATION_CONDITIONS = DEBUG;
				SWIFT_OPTIMIZATION_LEVEL = "-Onone";
				SWIFT_VERSION = 4.2;
			};
			name = Debug;
		};
		AA9AC5C2212D39FD000B4E9D /* Release */ = {
			isa = XCBuildConfiguration;
			buildSettings = {
				ALWAYS_SEARCH_USER_PATHS = NO;
				CLANG_ANALYZER_NONNULL = YES;
				CLANG_ANALYZER_NUMBER_OBJECT_CONVERSION = YES_AGGRESSIVE;
				CLANG_CXX_LANGUAGE_STANDARD = "gnu++14";
				CLANG_CXX_LIBRARY = "libc++";
				CLANG_ENABLE_MODULES = YES;
				CLANG_ENABLE_OBJC_ARC = YES;
				CLANG_ENABLE_OBJC_WEAK = YES;
				CLANG_WARN_BLOCK_CAPTURE_AUTORELEASING = YES;
				CLANG_WARN_BOOL_CONVERSION = YES;
				CLANG_WARN_COMMA = YES;
				CLANG_WARN_CONSTANT_CONVERSION = YES;
				CLANG_WARN_DEPRECATED_OBJC_IMPLEMENTATIONS = YES;
				CLANG_WARN_DIRECT_OBJC_ISA_USAGE = YES_ERROR;
				CLANG_WARN_DOCUMENTATION_COMMENTS = YES;
				CLANG_WARN_EMPTY_BODY = YES;
				CLANG_WARN_ENUM_CONVERSION = YES;
				CLANG_WARN_INFINITE_RECURSION = YES;
				CLANG_WARN_INT_CONVERSION = YES;
				CLANG_WARN_NON_LITERAL_NULL_CONVERSION = YES;
				CLANG_WARN_OBJC_IMPLICIT_RETAIN_SELF = YES;
				CLANG_WARN_OBJC_LITERAL_CONVERSION = YES;
				CLANG_WARN_OBJC_ROOT_CLASS = YES_ERROR;
				CLANG_WARN_QUOTED_INCLUDE_IN_FRAMEWORK_HEADER = YES;
				CLANG_WARN_RANGE_LOOP_ANALYSIS = YES;
				CLANG_WARN_STRICT_PROTOTYPES = YES;
				CLANG_WARN_SUSPICIOUS_MOVE = YES;
				CLANG_WARN_UNGUARDED_AVAILABILITY = YES_AGGRESSIVE;
				CLANG_WARN_UNREACHABLE_CODE = YES;
				CLANG_WARN__DUPLICATE_METHOD_MATCH = YES;
				CODE_SIGN_IDENTITY = "iPhone Developer";
				COPY_PHASE_STRIP = NO;
				DEBUG_INFORMATION_FORMAT = "dwarf-with-dsym";
				ENABLE_NS_ASSERTIONS = NO;
				ENABLE_STRICT_OBJC_MSGSEND = YES;
				GCC_C_LANGUAGE_STANDARD = gnu11;
				GCC_NO_COMMON_BLOCKS = YES;
				GCC_WARN_64_TO_32_BIT_CONVERSION = YES;
				GCC_WARN_ABOUT_RETURN_TYPE = YES_ERROR;
				GCC_WARN_UNDECLARED_SELECTOR = YES;
				GCC_WARN_UNINITIALIZED_AUTOS = YES_AGGRESSIVE;
				GCC_WARN_UNUSED_FUNCTION = YES;
				GCC_WARN_UNUSED_VARIABLE = YES;
				IPHONEOS_DEPLOYMENT_TARGET = 12.0;
				MTL_ENABLE_DEBUG_INFO = NO;
				SDKROOT = iphoneos;
				SWIFT_COMPILATION_MODE = wholemodule;
				SWIFT_OPTIMIZATION_LEVEL = "-O";
				SWIFT_VERSION = 4.2;
				VALIDATE_PRODUCT = YES;
			};
			name = Release;
		};
		AA9AC5C4212D39FD000B4E9D /* Debug */ = {
			isa = XCBuildConfiguration;
			baseConfigurationReference = 5461A9602A0A3561DB9D597D /* Pods-PokemonAR.debug.xcconfig */;
			buildSettings = {
				ASSETCATALOG_COMPILER_APPICON_NAME = "AppIcon-1";
				CLANG_ENABLE_MODULES = YES;
				CODE_SIGN_IDENTITY = "Apple Development";
				CODE_SIGN_STYLE = Automatic;
				DEVELOPMENT_TEAM = 8T97JFHF25;
				FRAMEWORK_SEARCH_PATHS = (
					"$(inherited)",
					"$(PROJECT_DIR)",
				);
				INFOPLIST_FILE = PokemonAR/Info.plist;
				IPHONEOS_DEPLOYMENT_TARGET = 14.0;
				LD_RUNPATH_SEARCH_PATHS = (
					"$(inherited)",
					"@executable_path/Frameworks",
				);
				PRODUCT_BUNDLE_IDENTIFIER = www.t110598005.PokemonAR;
				PRODUCT_NAME = "$(TARGET_NAME)";
				PROVISIONING_PROFILE_SPECIFIER = "";
				SWIFT_OBJC_BRIDGING_HEADER = "";
				SWIFT_OPTIMIZATION_LEVEL = "-Onone";
				SWIFT_VERSION = 5.0;
				TARGETED_DEVICE_FAMILY = "1,2";
			};
			name = Debug;
		};
		AA9AC5C5212D39FD000B4E9D /* Release */ = {
			isa = XCBuildConfiguration;
			baseConfigurationReference = 661EBCB319BEACFB38192437 /* Pods-PokemonAR.release.xcconfig */;
			buildSettings = {
				ASSETCATALOG_COMPILER_APPICON_NAME = "AppIcon-1";
				CLANG_ENABLE_MODULES = YES;
				CODE_SIGN_IDENTITY = "Apple Development";
				CODE_SIGN_STYLE = Automatic;
				DEVELOPMENT_TEAM = 8T97JFHF25;
				FRAMEWORK_SEARCH_PATHS = (
					"$(inherited)",
					"$(PROJECT_DIR)",
				);
				INFOPLIST_FILE = PokemonAR/Info.plist;
				IPHONEOS_DEPLOYMENT_TARGET = 14.0;
				LD_RUNPATH_SEARCH_PATHS = (
					"$(inherited)",
					"@executable_path/Frameworks",
				);
				PRODUCT_BUNDLE_IDENTIFIER = www.t110598005.PokemonAR;
				PRODUCT_NAME = "$(TARGET_NAME)";
				PROVISIONING_PROFILE_SPECIFIER = "";
				SWIFT_OBJC_BRIDGING_HEADER = "";
				SWIFT_VERSION = 5.0;
				TARGETED_DEVICE_FAMILY = "1,2";
			};
			name = Release;
		};
/* End XCBuildConfiguration section */

/* Begin XCConfigurationList section */
		AA9AC596212D39FC000B4E9D /* Build configuration list for PBXProject "PokemonAR" */ = {
			isa = XCConfigurationList;
			buildConfigurations = (
				AA9AC5C1212D39FD000B4E9D /* Debug */,
				AA9AC5C2212D39FD000B4E9D /* Release */,
			);
			defaultConfigurationIsVisible = 0;
			defaultConfigurationName = Release;
		};
		AA9AC5C3212D39FD000B4E9D /* Build configuration list for PBXNativeTarget "PokemonAR" */ = {
			isa = XCConfigurationList;
			buildConfigurations = (
				AA9AC5C4212D39FD000B4E9D /* Debug */,
				AA9AC5C5212D39FD000B4E9D /* Release */,
			);
			defaultConfigurationIsVisible = 0;
			defaultConfigurationName = Release;
		};
/* End XCConfigurationList section */

/* Begin XCRemoteSwiftPackageReference section */
		7018BE65285665B500311E26 /* XCRemoteSwiftPackageReference "firebase-ios-sdk" */ = {
			isa = XCRemoteSwiftPackageReference;
			repositoryURL = "https://github.com/firebase/firebase-ios-sdk";
			requirement = {
				branch = master;
				kind = branch;
			};
		};
		708C9A052858A94C00FAD13B /* XCRemoteSwiftPackageReference "facebook-ios-sdk" */ = {
			isa = XCRemoteSwiftPackageReference;
			repositoryURL = "https://github.com/facebook/facebook-ios-sdk";
			requirement = {
				kind = exactVersion;
				version = 13.2.0;
			};
		};
/* End XCRemoteSwiftPackageReference section */

/* Begin XCSwiftPackageProductDependency section */
		7018BE66285665B500311E26 /* FirebaseAnalytics */ = {
			isa = XCSwiftPackageProductDependency;
			package = 7018BE65285665B500311E26 /* XCRemoteSwiftPackageReference "firebase-ios-sdk" */;
			productName = FirebaseAnalytics;
		};
		7018BE68285665B500311E26 /* FirebaseAuth */ = {
			isa = XCSwiftPackageProductDependency;
			package = 7018BE65285665B500311E26 /* XCRemoteSwiftPackageReference "firebase-ios-sdk" */;
			productName = FirebaseAuth;
		};
		7018BE6A285665B500311E26 /* FirebaseFirestore */ = {
			isa = XCSwiftPackageProductDependency;
			package = 7018BE65285665B500311E26 /* XCRemoteSwiftPackageReference "firebase-ios-sdk" */;
			productName = FirebaseFirestore;
		};
		7018BE6C28566B5200311E26 /* FirebaseFirestoreSwift */ = {
			isa = XCSwiftPackageProductDependency;
			package = 7018BE65285665B500311E26 /* XCRemoteSwiftPackageReference "firebase-ios-sdk" */;
			productName = FirebaseFirestoreSwift;
		};
		708C9A062858A94C00FAD13B /* FacebookCore */ = {
			isa = XCSwiftPackageProductDependency;
			package = 708C9A052858A94C00FAD13B /* XCRemoteSwiftPackageReference "facebook-ios-sdk" */;
			productName = FacebookCore;
		};
		708C9A082858A94C00FAD13B /* FacebookLogin */ = {
			isa = XCSwiftPackageProductDependency;
			package = 708C9A052858A94C00FAD13B /* XCRemoteSwiftPackageReference "facebook-ios-sdk" */;
			productName = FacebookLogin;
		};
		708C9A322859602500FAD13B /* FirebaseStorage */ = {
			isa = XCSwiftPackageProductDependency;
			package = 7018BE65285665B500311E26 /* XCRemoteSwiftPackageReference "firebase-ios-sdk" */;
			productName = FirebaseStorage;
		};
		708C9A34285960E700FAD13B /* FirebaseStorageCombine-Community */ = {
			isa = XCSwiftPackageProductDependency;
			package = 7018BE65285665B500311E26 /* XCRemoteSwiftPackageReference "firebase-ios-sdk" */;
			productName = "FirebaseStorageCombine-Community";
		};
/* End XCSwiftPackageProductDependency section */
	};
	rootObject = AA9AC593212D39FC000B4E9D /* Project object */;
}
